
Microsoft Visual Studio Solution File, Format Version 12.00
# Visual Studio Version 17
VisualStudioVersion = 17.8.34511.84
MinimumVisualStudioVersion = 10.0.40219.1
Project("{FAE04EC0-301F-11D3-BF4B-00C04F79EFBC}") = "Winx_Cinema", "Winx_Cinema\Winx_Cinema.csproj", "{656C4082-A87A-47F4-ADEA-CAE327E772A7}"
EndProject
Project("{FAE04EC0-301F-11D3-BF4B-00C04F79EFBC}") = "Winx_Cinema.Client", "Winx_Cinema.Client\Winx_Cinema.Client.csproj", "{4246A08E-3C98-4109-AF03-F7FC522690C5}"
EndProject
Project("{FAE04EC0-301F-11D3-BF4B-00C04F79EFBC}") = "Winx_Cinema.Shared", "..\Winx_Cinema.Shared\Winx_Cinema.Shared.csproj", "{74B571C9-E438-4C59-9700-3408263C1C6C}"
EndProject
Global
	GlobalSection(SolutionConfigurationPlatforms) = preSolution
		Debug|Any CPU = Debug|Any CPU
		Release|Any CPU = Release|Any CPU
	EndGlobalSection
	GlobalSection(ProjectConfigurationPlatforms) = postSolution
		{656C4082-A87A-47F4-ADEA-CAE327E772A7}.Debug|Any CPU.ActiveCfg = Debug|Any CPU
		{656C4082-A87A-47F4-ADEA-CAE327E772A7}.Debug|Any CPU.Build.0 = Debug|Any CPU
		{656C4082-A87A-47F4-ADEA-CAE327E772A7}.Release|Any CPU.ActiveCfg = Release|Any CPU
		{656C4082-A87A-47F4-ADEA-CAE327E772A7}.Release|Any CPU.Build.0 = Release|Any CPU
		{4246A08E-3C98-4109-AF03-F7FC522690C5}.Debug|Any CPU.ActiveCfg = Debug|Any CPU
		{4246A08E-3C98-4109-AF03-F7FC522690C5}.Debug|Any CPU.Build.0 = Debug|Any CPU
		{4246A08E-3C98-4109-AF03-F7FC522690C5}.Release|Any CPU.ActiveCfg = Release|Any CPU
		{4246A08E-3C98-4109-AF03-F7FC522690C5}.Release|Any CPU.Build.0 = Release|Any CPU
		{74B571C9-E438-4C59-9700-3408263C1C6C}.Debug|Any CPU.ActiveCfg = Debug|Any CPU
		{74B571C9-E438-4C59-9700-3408263C1C6C}.Debug|Any CPU.Build.0 = Debug|Any CPU
		{74B571C9-E438-4C59-9700-3408263C1C6C}.Release|Any CPU.ActiveCfg = Release|Any CPU
		{74B571C9-E438-4C59-9700-3408263C1C6C}.Release|Any CPU.Build.0 = Release|Any CPU
	EndGlobalSection
	GlobalSection(SolutionProperties) = preSolution
		HideSolutionNode = FALSE
	EndGlobalSection
	GlobalSection(ExtensibilityGlobals) = postSolution
		SolutionGuid = {15DC6DC8-B22F-4452-9819-AF5741E27CB9}
	EndGlobalSection
EndGlobal
